
Microsoft Visual Studio Solution File, Format Version 12.00
# Visual Studio 15
VisualStudioVersion = 15.0.27703.2047
MinimumVisualStudioVersion = 10.0.40219.1
Project("{FAE04EC0-301F-11D3-BF4B-00C04F79EFBC}") = "TM1", "TM1\TM1.csproj", "{886C1BDD-BF0C-49EF-85B0-462AE27B123D}"
EndProject
Global
	GlobalSection(SolutionConfigurationPlatforms) = preSolution
		Debug|Any CPU = Debug|Any CPU
		Release|Any CPU = Release|Any CPU
	EndGlobalSection
	GlobalSection(ProjectConfigurationPlatforms) = postSolution
		{886C1BDD-BF0C-49EF-85B0-462AE27B123D}.Debug|Any CPU.ActiveCfg = Debug|Any CPU
		{886C1BDD-BF0C-49EF-85B0-462AE27B123D}.Debug|Any CPU.Build.0 = Debug|Any CPU
		{886C1BDD-BF0C-49EF-85B0-462AE27B123D}.Release|Any CPU.ActiveCfg = Release|Any CPU
		{886C1BDD-BF0C-49EF-85B0-462AE27B123D}.Release|Any CPU.Build.0 = Release|Any CPU
	EndGlobalSection
	GlobalSection(SolutionProperties) = preSolution
		HideSolutionNode = FALSE
	EndGlobalSection
	GlobalSection(ExtensibilityGlobals) = postSolution
		SolutionGuid = {A19A8AD7-5200-45B9-BC49-B6956717A93B}
	EndGlobalSection
EndGlobal
